
Microsoft Visual Studio Solution File, Format Version 12.00
# Visual Studio Version 17
VisualStudioVersion = 17.5.33516.290
MinimumVisualStudioVersion = 10.0.40219.1
Project("{9A19103F-16F7-4668-BE54-9A1E7A4F7556}") = "DesafioPOO", "DesafioPOO.csproj", "{ED29901F-15B5-4D44-BD5A-AF81E202E84C}"
EndProject
Global
	GlobalSection(SolutionConfigurationPlatforms) = preSolution
		Debug|Any CPU = Debug|Any CPU
		Release|Any CPU = Release|Any CPU
	EndGlobalSection
	GlobalSection(ProjectConfigurationPlatforms) = postSolution
		{ED29901F-15B5-4D44-BD5A-AF81E202E84C}.Debug|Any CPU.ActiveCfg = Debug|Any CPU
		{ED29901F-15B5-4D44-BD5A-AF81E202E84C}.Debug|Any CPU.Build.0 = Debug|Any CPU
		{ED29901F-15B5-4D44-BD5A-AF81E202E84C}.Release|Any CPU.ActiveCfg = Release|Any CPU
		{ED29901F-15B5-4D44-BD5A-AF81E202E84C}.Release|Any CPU.Build.0 = Release|Any CPU
	EndGlobalSection
	GlobalSection(SolutionProperties) = preSolution
		HideSolutionNode = FALSE
	EndGlobalSection
	GlobalSection(ExtensibilityGlobals) = postSolution
		SolutionGuid = {A9C1C5D3-F732-4A6C-A299-F788A363B4C7}
	EndGlobalSection
EndGlobal
